
Microsoft Visual Studio Solution File, Format Version 12.00
# Visual Studio Version 16
VisualStudioVersion = 16.0.31005.135
MinimumVisualStudioVersion = 10.0.40219.1
Project("{FAE04EC0-301F-11D3-BF4B-00C04F79EFBC}") = "BugTracker", "BugTracker.csproj", "{751915AE-BE43-4BBC-9C9E-A505C5205363}"
EndProject
Global
	GlobalSection(SolutionConfigurationPlatforms) = preSolution
		Debug|Any CPU = Debug|Any CPU
		Release|Any CPU = Release|Any CPU
	EndGlobalSection
	GlobalSection(ProjectConfigurationPlatforms) = postSolution
		{751915AE-BE43-4BBC-9C9E-A505C5205363}.Debug|Any CPU.ActiveCfg = Debug|Any CPU
		{751915AE-BE43-4BBC-9C9E-A505C5205363}.Debug|Any CPU.Build.0 = Debug|Any CPU
		{751915AE-BE43-4BBC-9C9E-A505C5205363}.Release|Any CPU.ActiveCfg = Release|Any CPU
		{751915AE-BE43-4BBC-9C9E-A505C5205363}.Release|Any CPU.Build.0 = Release|Any CPU
	EndGlobalSection
	GlobalSection(SolutionProperties) = preSolution
		HideSolutionNode = FALSE
	EndGlobalSection
	GlobalSection(ExtensibilityGlobals) = postSolution
		SolutionGuid = {ADD5C3D9-B19E-4D03-9299-551F4221A762}
	EndGlobalSection
EndGlobal
